
Microsoft Visual Studio Solution File, Format Version 12.00
# Visual Studio Version 17
VisualStudioVersion = 17.9.34728.123
MinimumVisualStudioVersion = 10.0.40219.1
Project("{FAE04EC0-301F-11D3-BF4B-00C04F79EFBC}") = "CSharpEgitimKampi301_EntityLayer", "CSharpEgitimKampi301_EntityLayer\CSharpEgitimKampi301_EntityLayer.csproj", "{FE9968F8-6EBA-4281-B03B-886CD3D5D939}"
EndProject
Project("{FAE04EC0-301F-11D3-BF4B-00C04F79EFBC}") = "DataAccessLayer", "DataAccessLayer\DataAccessLayer.csproj", "{F3E7E7BE-20B5-4455-8EDE-414165533453}"
EndProject
Project("{FAE04EC0-301F-11D3-BF4B-00C04F79EFBC}") = "BusinessLayer", "BusinessLayer\BusinessLayer.csproj", "{F5A3C695-107E-4A93-9893-6511FACB91FF}"
EndProject
Project("{FAE04EC0-301F-11D3-BF4B-00C04F79EFBC}") = "CSharpEgitimKampi301_PresentationLayer", "CSharpEgitimKampi301_PresentationLayer\CSharpEgitimKampi301_PresentationLayer.csproj", "{72723611-30AF-4C36-95B8-A2A280ACE6F2}"
EndProject
Project("{FAE04EC0-301F-11D3-BF4B-00C04F79EFBC}") = "CSharpEgitimKampi301.EFProject", "CSharpEgitimKampi301.EFProject\CSharpEgitimKampi301.EFProject.csproj", "{3EB7A9B4-2FE5-4555-9F61-C49D75A43500}"
EndProject
Global
	GlobalSection(SolutionConfigurationPlatforms) = preSolution
		Debug|Any CPU = Debug|Any CPU
		Release|Any CPU = Release|Any CPU
	EndGlobalSection
	GlobalSection(ProjectConfigurationPlatforms) = postSolution
		{FE9968F8-6EBA-4281-B03B-886CD3D5D939}.Debug|Any CPU.ActiveCfg = Debug|Any CPU
		{FE9968F8-6EBA-4281-B03B-886CD3D5D939}.Debug|Any CPU.Build.0 = Debug|Any CPU
		{FE9968F8-6EBA-4281-B03B-886CD3D5D939}.Release|Any CPU.ActiveCfg = Release|Any CPU
		{FE9968F8-6EBA-4281-B03B-886CD3D5D939}.Release|Any CPU.Build.0 = Release|Any CPU
		{F3E7E7BE-20B5-4455-8EDE-414165533453}.Debug|Any CPU.ActiveCfg = Debug|Any CPU
		{F3E7E7BE-20B5-4455-8EDE-414165533453}.Debug|Any CPU.Build.0 = Debug|Any CPU
		{F3E7E7BE-20B5-4455-8EDE-414165533453}.Release|Any CPU.ActiveCfg = Release|Any CPU
		{F3E7E7BE-20B5-4455-8EDE-414165533453}.Release|Any CPU.Build.0 = Release|Any CPU
		{F5A3C695-107E-4A93-9893-6511FACB91FF}.Debug|Any CPU.ActiveCfg = Debug|Any CPU
		{F5A3C695-107E-4A93-9893-6511FACB91FF}.Debug|Any CPU.Build.0 = Debug|Any CPU
		{F5A3C695-107E-4A93-9893-6511FACB91FF}.Release|Any CPU.ActiveCfg = Release|Any CPU
		{F5A3C695-107E-4A93-9893-6511FACB91FF}.Release|Any CPU.Build.0 = Release|Any CPU
		{72723611-30AF-4C36-95B8-A2A280ACE6F2}.Debug|Any CPU.ActiveCfg = Debug|Any CPU
		{72723611-30AF-4C36-95B8-A2A280ACE6F2}.Debug|Any CPU.Build.0 = Debug|Any CPU
		{72723611-30AF-4C36-95B8-A2A280ACE6F2}.Release|Any CPU.ActiveCfg = Release|Any CPU
		{72723611-30AF-4C36-95B8-A2A280ACE6F2}.Release|Any CPU.Build.0 = Release|Any CPU
		{3EB7A9B4-2FE5-4555-9F61-C49D75A43500}.Debug|Any CPU.ActiveCfg = Debug|Any CPU
		{3EB7A9B4-2FE5-4555-9F61-C49D75A43500}.Debug|Any CPU.Build.0 = Debug|Any CPU
		{3EB7A9B4-2FE5-4555-9F61-C49D75A43500}.Release|Any CPU.ActiveCfg = Release|Any CPU
		{3EB7A9B4-2FE5-4555-9F61-C49D75A43500}.Release|Any CPU.Build.0 = Release|Any CPU
	EndGlobalSection
	GlobalSection(SolutionProperties) = preSolution
		HideSolutionNode = FALSE
	EndGlobalSection
	GlobalSection(ExtensibilityGlobals) = postSolution
		SolutionGuid = {A483EFCA-A005-4CC1-BD72-0D3811E57CA0}
	EndGlobalSection
EndGlobal
